
Microsoft Visual Studio Solution File, Format Version 12.00
# Visual Studio 15
VisualStudioVersion = 15.0.27130.2010
MinimumVisualStudioVersion = 10.0.40219.1
Project("{9A19103F-16F7-4668-BE54-9A1E7A4F7556}") = "PruebaConcepto.Datos", "PruebaConcepto.Datos\PruebaConcepto.Datos.csproj", "{8F66D2CD-5FE3-434C-A631-2FC062EA27CD}"
EndProject
Project("{9A19103F-16F7-4668-BE54-9A1E7A4F7556}") = "PruebaConcepto.Negocio", "PruebaConcepto.Negocio\PruebaConcepto.Negocio.csproj", "{2606B7D1-934D-4C4B-A86C-D7BD61F74C57}"
EndProject
Project("{2150E333-8FDC-42A3-9474-1A3956D46DE8}") = "1-Datos", "1-Datos", "{54D0B07A-1BF1-4E5C-BA18-A928549197AA}"
EndProject
Project("{2150E333-8FDC-42A3-9474-1A3956D46DE8}") = "2-Negocio", "2-Negocio", "{16F12E13-C697-437E-9A0C-0BD7C7DEF00C}"
EndProject
Project("{2150E333-8FDC-42A3-9474-1A3956D46DE8}") = "3-Presentacion", "3-Presentacion", "{BC6AD6A8-3C41-4904-876C-4ACB4696B6EF}"
EndProject
Project("{9A19103F-16F7-4668-BE54-9A1E7A4F7556}") = "PruebaConcepto.NetCore", "PruebaConcepto.NetCore\PruebaConcepto.NetCore.csproj", "{85A900B9-2FB1-44DE-B361-54C349EE2DF1}"
EndProject
Project("{2150E333-8FDC-42A3-9474-1A3956D46DE8}") = "4-Common", "4-Common", "{E7A2C6C4-0787-48C3-8058-2A06EB86F627}"
EndProject
Project("{FAE04EC0-301F-11D3-BF4B-00C04F79EFBC}") = "PruebaConcepto.Common", "PruebaConcepto.Common\PruebaConcepto.Common.csproj", "{7D155C5B-C35F-435D-933A-1FA36D2C79BE}"
EndProject
Global
	GlobalSection(SolutionConfigurationPlatforms) = preSolution
		Debug|Any CPU = Debug|Any CPU
		Release|Any CPU = Release|Any CPU
	EndGlobalSection
	GlobalSection(ProjectConfigurationPlatforms) = postSolution
		{8F66D2CD-5FE3-434C-A631-2FC062EA27CD}.Debug|Any CPU.ActiveCfg = Debug|Any CPU
		{8F66D2CD-5FE3-434C-A631-2FC062EA27CD}.Debug|Any CPU.Build.0 = Debug|Any CPU
		{8F66D2CD-5FE3-434C-A631-2FC062EA27CD}.Release|Any CPU.ActiveCfg = Release|Any CPU
		{8F66D2CD-5FE3-434C-A631-2FC062EA27CD}.Release|Any CPU.Build.0 = Release|Any CPU
		{2606B7D1-934D-4C4B-A86C-D7BD61F74C57}.Debug|Any CPU.ActiveCfg = Debug|Any CPU
		{2606B7D1-934D-4C4B-A86C-D7BD61F74C57}.Debug|Any CPU.Build.0 = Debug|Any CPU
		{2606B7D1-934D-4C4B-A86C-D7BD61F74C57}.Release|Any CPU.ActiveCfg = Release|Any CPU
		{2606B7D1-934D-4C4B-A86C-D7BD61F74C57}.Release|Any CPU.Build.0 = Release|Any CPU
		{85A900B9-2FB1-44DE-B361-54C349EE2DF1}.Debug|Any CPU.ActiveCfg = Debug|Any CPU
		{85A900B9-2FB1-44DE-B361-54C349EE2DF1}.Debug|Any CPU.Build.0 = Debug|Any CPU
		{85A900B9-2FB1-44DE-B361-54C349EE2DF1}.Release|Any CPU.ActiveCfg = Release|Any CPU
		{85A900B9-2FB1-44DE-B361-54C349EE2DF1}.Release|Any CPU.Build.0 = Release|Any CPU
		{7D155C5B-C35F-435D-933A-1FA36D2C79BE}.Debug|Any CPU.ActiveCfg = Debug|Any CPU
		{7D155C5B-C35F-435D-933A-1FA36D2C79BE}.Debug|Any CPU.Build.0 = Debug|Any CPU
		{7D155C5B-C35F-435D-933A-1FA36D2C79BE}.Release|Any CPU.ActiveCfg = Release|Any CPU
		{7D155C5B-C35F-435D-933A-1FA36D2C79BE}.Release|Any CPU.Build.0 = Release|Any CPU
	EndGlobalSection
	GlobalSection(SolutionProperties) = preSolution
		HideSolutionNode = FALSE
	EndGlobalSection
	GlobalSection(NestedProjects) = preSolution
		{8F66D2CD-5FE3-434C-A631-2FC062EA27CD} = {54D0B07A-1BF1-4E5C-BA18-A928549197AA}
		{2606B7D1-934D-4C4B-A86C-D7BD61F74C57} = {16F12E13-C697-437E-9A0C-0BD7C7DEF00C}
		{85A900B9-2FB1-44DE-B361-54C349EE2DF1} = {BC6AD6A8-3C41-4904-876C-4ACB4696B6EF}
		{7D155C5B-C35F-435D-933A-1FA36D2C79BE} = {E7A2C6C4-0787-48C3-8058-2A06EB86F627}
	EndGlobalSection
	GlobalSection(ExtensibilityGlobals) = postSolution
		SolutionGuid = {8E77F8DA-8797-436D-A4C8-C6320E7B357D}
	EndGlobalSection
EndGlobal
